
Microsoft Visual Studio Solution File, Format Version 12.00
# Visual Studio Version 16
VisualStudioVersion = 16.0.31005.135
MinimumVisualStudioVersion = 10.0.40219.1
Project("{FAE04EC0-301F-11D3-BF4B-00C04F79EFBC}") = "WeatherApp", "WeatherApp.csproj", "{EB2C6777-C070-43B1-9D2C-A613182FF9BD}"
EndProject
Global
	GlobalSection(SolutionConfigurationPlatforms) = preSolution
		Debug|Any CPU = Debug|Any CPU
		Release|Any CPU = Release|Any CPU
	EndGlobalSection
	GlobalSection(ProjectConfigurationPlatforms) = postSolution
		{EB2C6777-C070-43B1-9D2C-A613182FF9BD}.Debug|Any CPU.ActiveCfg = Debug|Any CPU
		{EB2C6777-C070-43B1-9D2C-A613182FF9BD}.Debug|Any CPU.Build.0 = Debug|Any CPU
		{EB2C6777-C070-43B1-9D2C-A613182FF9BD}.Release|Any CPU.ActiveCfg = Release|Any CPU
		{EB2C6777-C070-43B1-9D2C-A613182FF9BD}.Release|Any CPU.Build.0 = Release|Any CPU
	EndGlobalSection
	GlobalSection(SolutionProperties) = preSolution
		HideSolutionNode = FALSE
	EndGlobalSection
	GlobalSection(ExtensibilityGlobals) = postSolution
		SolutionGuid = {67726CDE-C1A1-4E5E-A9AB-8A90C2FD0D94}
	EndGlobalSection
EndGlobal
